{"name":"my-app","version":"0.1.0","lockfileVersion":3,"requires":true,"packages":{"":{"name":"my-app","version":"0.1.0","dependencies":{"@supabase/ssr":"^0.7.0","@supabase/supabase-js":"^2.49.1","next":"16.1.7","react":"19.2.0","react-dom":"19.2.0"},"devDependencies":{"@eslint/eslintrc":"^3","@types/node":"^20","@types/react":"^19","@types/react-dom":"^19","eslint":"^9","eslint-config-next":"16.1.7","typescript":"^5"}},"node_modules/@emnapi/runtime":{"version":"1.5.0","resolved":"https://registry.npmjs.org/@emnapi/runtime/-/runtime-1.5.0.tgz","integrity":"sha512-97/BJzKz8zJH7CaqB6drA3aLFsJwQtfL7M6mjM+f4YwpyXkVxS8x4l0P4x7xZ5w2K0H5mNcS3Q1nEmk9cLzEwQ=="},"node_modules/@eslint-community/eslint-utils":{"version":"4.9.0","resolved":"https://registry.npmjs.org/@eslint-community/eslint-utils/-/eslint-utils-4.9.0.tgz","integrity":"sha512-ayVFHdtZ+hsq1t2Dy24wCmGXGe4q9Gu3smhLYALJrr473ZH27MsnSL+LKUlimp4BWJqMDMLmPpx/Q9R3OAlL4g==","dev":true,"dependencies":{"eslint-visitor-keys":"^3.4.3"},"engines":{"node":"^12.22.0 || ^14.17.0 || >=16.0.0"},"peerDependencies":{"eslint":"^6.0.0 || ^7.0.0 || >=8.0.0"}},"node_modules/@eslint-community/regexpp":{"version":"4.12.1","resolved":"https://registry.npmjs.org/@eslint-community/regexpp/-/regexpp-4.12.1.tgz","integrity":"sha512-B/PEE/xJi4EAdLfpXCg2hRGA2WO8gSC6coqW1AbOo2hPyk8Qj8+QwVTvCZx0CD8FM0CEJX4q43tvLZF6059Tug==","dev":true,"engines":{"node":"^12.0.0 || ^14.0.0 || >=16.0.0"}},"node_modules/@eslint/config-array":{"version":"0.21.1","resolved":"https://registry.npmjs.org/@eslint/config-array/-/config-array-0.21.1.tgz","integrity":"sha512-aw1gNayWfxBpYcfoYQXShWhL9Eh8YzM8Vw0vQNHZkJ5xF0sRz4fpH+Jm44nZ7GfX1xWmt9m8nK6sJmD0I2Yv0A==","dev":true,"dependencies":{"@eslint/object-schema":"^2.1.7","debug":"^4.3.1","minimatch":"^3.1.2"},"engines":{"node":"^18.18.0 || ^20.9.0 || >=21.1.0"}},"node_modules/@eslint/config-helpers":{"version":"0.4.1","resolved":"https://registry.npmjs.org/@eslint/config-helpers/-/config-helpers-0.4.1.tgz","integrity":"sha512-D9yvWI+8SxjshIdDu4wLSv3U+N1LwRssyL56QmA8QYcQY7A5x3uLImW0jG8a+6v3lPp0MmqKzsl6W9p8rK+JQw==","dev":true,"engines":{"node":"^18.18.0 || ^20.9.0 || >=21.1.0"},"peerDependencies":{"eslint":"^9.10.0"}},"node_modules/@eslint/core":{"version":"0.17.0","resolved":"https://registry.npmjs.org/@eslint/core/-/core-0.17.0.tgz","integrity":"sha512-3v5cvN8+9Jl6I3E+G1f7X5kWjPrYjjbY8s7pV3gV0o2q7w2nWc5k9xw1tOdfgE3a4Q6mQn6+qWcI4S3P4W7nGA==","dev":true,"engines":{"node":"^18.18.0 || ^20.9.0 || >=21.1.0"}},"node_modules/@eslint/eslintrc":{"version":"3.3.1","resolved":"https://registry.npmjs.org/@eslint/eslintrc/-/eslintrc-3.3.1.tgz","integrity":"sha512-gtF186CXhIl1p4pJNGZw8Yc6RlshoePRvE0X91oPGb3vZ8pM3qOS9W9NGPat9LziaBV7XrJWGylNQXkGcnM3IQ==","dev":true,"dependencies":{"ajv":"^6.12.4","debug":"^4.3.2","espree":"^10.0.1","globals":"^14.0.0","ignore":"^5.2.0","import-fresh":"^3.2.1","js-yaml":"^4.1.0","minimatch":"^3.1.2","strip-json-comments":"^3.1.1"},"engines":{"node":"^18.18.0 || ^20.9.0 || >=21.1.0"},"funding":{"url":"https://opencollective.com/eslint"}},"node_modules/@eslint/js":{"version":"9.38.0","resolved":"https://registry.npmjs.org/@eslint/js/-/js-9.38.0.tgz","integrity":"sha512-Ijq8C8W8xOm6lFX+4lD4X2eUeVJ7hT4S9l0lP8b9mYwQk2wz3f5f7cY2m4c3o0h6xwYz2g6xJbC0hL8tQ4t6w==","dev":true,"engines":{"node":"^18.18.0 || ^20.9.0 || >=21.1.0"}},"node_modules/@eslint/object-schema":{"version":"2.1.7","resolved":"https://registry.npmjs.org/@eslint/object-schema/-/object-schema-2.1.7.tgz","integrity":"sha512-Z2v9a6lV6Sx6I7QvL2UQ4oJ3u0mQq2b+8s6Q8L7Y9vH7P0xG9s2o3Y1g4U7wS2iP6lC2d7W3iT4d9oB3F2W7A==","dev":true,"engines":{"node":"^18.18.0 || ^20.9.0 || >=21.1.0"}},"node_modules/@eslint/plugin-kit":{"version":"0.4.0","resolved":"https://registry.npmjs.org/@eslint/plugin-kit/-/plugin-kit-0.4.0.tgz","integrity":"sha512-2l8n2bx/RQ3mVPI5l75Aq9DL2V9y7hPqLJ8fQ6x3x5z6oP8eL2P6C9V0kR6g2kO1g6o3rF9gX1sJ2T6dW6QzA==","dev":true,"dependencies":{"levn":"^0.4.1"},"engines":{"node":"^18.18.0 || ^20.9.0 || >=21.1.0"}},"node_modules/@humanfs/core":{"version":"0.19.1","resolved":"https://registry.npmjs.org/@humanfs/core/-/core-0.19.1.tgz","integrity":"sha512-9M6gWlI0t1t8C+2vJ5m9tQ1Ck3oVQ3r1I5z5nG4r6K5e0q9X1v2C8l4bN8h4Y7N7u7e3V7N2wI6J9Y3C2G4Xw==","dev":true,"engines":{"node":">=18.18.0"}},"node_modules/@humanfs/node":{"version":"0.16.7","resolved":"https://registry.npmjs.org/@humanfs/node/-/node-0.16.7.tgz","integrity":"sha512-KSPM4MZ8zZpV4M1tL4a3V2H4v7pH3W1mG8p6W1E5lS7eY2M8rP8gF1zF8nE7dE6Z8rK1lC4V8nQ6sQ2T1v7YQ==","dev":true,"dependencies":{"@humanfs/core":"^0.19.1","@humanwhocodes/retry":"^0.3.0"},"engines":{"node":">=18.18.0"}},"node_modules/@humanwhocodes/module-importer":{"version":"1.0.1","resolved":"https://registry.npmjs.org/@humanwhocodes/module-importer/-/module-importer-1.0.1.tgz","integrity":"sha512-yjK6mLh7tU4jT6f0lJ3t8l8bK5sZ2Y6o3G7qQ1k9gX5aF5kP7R5mI6H5mX2iB1dP2wW8R7gE1tO9pM5fH5j0hA==","dev":true,"engines":{"node":">=12.22"}},"node_modules/@humanwhocodes/retry":{"version":"0.3.1","resolved":"https://registry.npmjs.org/@humanwhocodes/retry/-/retry-0.3.1.tgz","integrity":"sha512-YecP7A4Dk+Q8gP4y3X3M2E2sZ9mL9M6hH7Y0gK3W9nN1tR2qV7dJ8fG5sU4tQ7mI3pT9cS2fG1pT5qV8vR1UQ==","dev":true,"engines":{"node":">=18.18"}},"node_modules/@img/sharp-darwin-arm64":{"version":"0.34.4","resolved":"https://registry.npmjs.org/@img/sharp-darwin-arm64/-/sharp-darwin-arm64-0.34.4.tgz","integrity":"sha512-eqf1i+cI5s2Bpc5q2k0M4G4vO8v1K7I3C7N4s6q4R2H9q7mP9aD1Y4Y2mD8o4gR6hJ2S7dP7tQ9eK2P7M2lCw==","cpu":["arm64"],"optional":true,"os":["darwin"],"engines":{"node":"^18.17.0 || ^20.3.0 || >=21.0.0"}},"node_modules/@img/sharp-darwin-x64":{"version":"0.34.4","resolved":"https://registry.npmjs.org/@img/sharp-darwin-x64/-/sharp-darwin-x64-0.34.4.tgz","integrity":"sha512-ZD4D7qGmYxwXkN8l2H5rS1rL0nV8W3eD4qA1sM7cK2Y6Z0P4uB6cH1mP2gF9cQ5rV2yW7tG8nP1zK6jY9wC4Q==","cpu":["x64"],"optional":true,"os":["darwin"],"engines":{"node":"^18.17.0 || ^20.3.0 || >=21.0.0"}},"node_modules/@img/sharp-libvips-darwin-arm64":{"version":"1.2.3","resolved":"https://registry.npmjs.org/@img/sharp-libvips-darwin-arm64/-/sharp-libvips-darwin-arm64-1.2.3.tgz","integrity":"sha512-j0gP6pH4bW1zM6eL2K1nQ7rB0fY5jV8mC7uR6xW3oN1kG9sD5fH2qL7zM4gP8nJ3xK9uW4pD6kM7cP1lJ3fVg==","cpu":["arm64"],"optional":true,"os":["darwin"]},"node_modules/@img/sharp-libvips-darwin-x64":{"version":"1.2.3","resolved":"https://registry.npmjs.org/@img/sharp-libvips-darwin-x64/-/sharp-libvips-darwin-x64-1.2.3.tgz","integrity":"sha512-z0eN3yL2Q4pH7mJ5cD6vS8kB1xY2wV5nQ8gC3fR9dP2jT7kH4mL1zN6xP3gQ8dV4yK7sW6pN2fM1cR4hJ9qWQ==","cpu":["x64"],"optional":true,"os":["darwin"]},"node_modules/@img/sharp-libvips-linux-arm":{"version":"1.2.3","resolved":"https://registry.npmjs.org/@img/sharp-libvips-linux-arm/-/sharp-libvips-linux-arm-1.2.3.tgz","integrity":"sha512-rw=="},"node_modules/@img/sharp-linux-arm64":{"version":"0.34.4","resolved":"https://registry.npmjs.org/@img/sharp-linux-arm64/-/sharp-linux-arm64-0.34.4.tgz","integrity":"sha512-rw=="},"node_modules/yocto-queue":{"version":"0.1.0","resolved":"https://registry.npmjs.org/yocto-queue/-/yocto-queue-0.1.0.tgz","integrity":"sha512-rVksvsQh2m3zfQ8i2yVwM4nY8sI9S+Qm5T8rW5oM8W9Z7kQ3M0E6oI7tQ4H6jY5Z2C3uR8bN2S5aQ4mQ7xV7A==","dev":true,"engines":{"node":">=10"}}}}